
Microsoft Visual Studio Solution File, Format Version 12.00
# Visual Studio Version 17
VisualStudioVersion = 17.14.36811.4
MinimumVisualStudioVersion = 10.0.40219.1
Project("{2150E333-8FDC-42A3-9474-1A3956D46DE8}") = "Class1", "Class1", "{02EA681E-C7D8-13C7-8484-4AC65E1B71E8}"
EndProject
Project("{8BC9CEB8-8B4A-11D0-8D11-00A0C91BC942}") = "1000", "1000\1000.vcxproj", "{84DAF29A-F0CA-4CEA-9B79-38970782634A}"
EndProject
Project("{8BC9CEB8-8B4A-11D0-8D11-00A0C91BC942}") = "1001", "1001\1001.vcxproj", "{80337C33-A844-410C-A37C-80F50B3EF2EA}"
EndProject
Project("{8BC9CEB8-8B4A-11D0-8D11-00A0C91BC942}") = "1008", "1008\1008.vcxproj", "{D5452BDA-963B-4CCF-91C4-1369DA0372A9}"
EndProject
Project("{8BC9CEB8-8B4A-11D0-8D11-00A0C91BC942}") = "1330", "1330\1330.vcxproj", "{98962C70-C32C-45BD-BE39-A73847F0F130}"
EndProject
Project("{8BC9CEB8-8B4A-11D0-8D11-00A0C91BC942}") = "2438", "2438\2438.vcxproj", "{B93BD237-3B7A-40CB-8BE3-723A93BF9C0F}"
EndProject
Project("{8BC9CEB8-8B4A-11D0-8D11-00A0C91BC942}") = "2475", "2475\2475.vcxproj", "{44FB7984-5FEF-4C6C-B788-F6130B97A150}"
EndProject
Project("{8BC9CEB8-8B4A-11D0-8D11-00A0C91BC942}") = "2557", "2557\2557.vcxproj", "{89D2E6C8-044F-41EA-AC99-88765F832EC4}"
EndProject
Project("{8BC9CEB8-8B4A-11D0-8D11-00A0C91BC942}") = "2739", "2739\2739.vcxproj", "{AD0C6CE7-E3B3-4420-80E0-6A6EA0888976}"
EndProject
Project("{8BC9CEB8-8B4A-11D0-8D11-00A0C91BC942}") = "2741", "2741\2741.vcxproj", "{3EBE3E57-0698-42B5-AE0A-9755CB55557F}"
EndProject
Project("{8BC9CEB8-8B4A-11D0-8D11-00A0C91BC942}") = "2753", "2753\2753.vcxproj", "{E01D93CA-B0F1-4048-B439-3539CF2E9975}"
EndProject
Project("{8BC9CEB8-8B4A-11D0-8D11-00A0C91BC942}") = "9498", "9498\9498.vcxproj", "{F4B582DC-5354-4BCC-BA5C-74C49CE184EF}"
EndProject
Project("{8BC9CEB8-8B4A-11D0-8D11-00A0C91BC942}") = "10869", "10171\10171.vcxproj", "{8F209022-CC59-41DC-9C80-41DDF6FE4D3E}"
EndProject
Project("{8BC9CEB8-8B4A-11D0-8D11-00A0C91BC942}") = "10871", "10871\10871.vcxproj", "{BE7933FB-2914-4A2A-9EBC-8D9EB93513EA}"
EndProject
Project("{8BC9CEB8-8B4A-11D0-8D11-00A0C91BC942}") = "11654", "11654\11654.vcxproj", "{3D463F08-99E0-407B-9083-1A893C2E260F}"
EndProject
Project("{8BC9CEB8-8B4A-11D0-8D11-00A0C91BC942}") = "27866", "27866\27866.vcxproj", "{F2543B56-2178-4BB2-A024-01D7AF2D7B4F}"
EndProject
Project("{8BC9CEB8-8B4A-11D0-8D11-00A0C91BC942}") = "2439", "2439\2439.vcxproj", "{0D2A4373-16CC-4645-99AD-D8224A0A4C66}"
EndProject
Project("{8BC9CEB8-8B4A-11D0-8D11-00A0C91BC942}") = "11720", "11720\11720.vcxproj", "{A2D16913-C0BC-426E-9FF5-D448B6B68EF9}"
EndProject
Project("{8BC9CEB8-8B4A-11D0-8D11-00A0C91BC942}") = "2562", "2562\2562.vcxproj", "{0EE5A12A-8FF6-47D1-A5D8-77D7DE9182B3}"
EndProject
Project("{8BC9CEB8-8B4A-11D0-8D11-00A0C91BC942}") = "2884", "2884\2884.vcxproj", "{B190CF2A-7115-4018-8DDD-BC827B25E71E}"
EndProject
Project("{8BC9CEB8-8B4A-11D0-8D11-00A0C91BC942}") = "10818", "10818\10818.vcxproj", "{EC2F2E8D-96E1-4257-89AF-B5E4EC1D8EA9}"
EndProject
Project("{8BC9CEB8-8B4A-11D0-8D11-00A0C91BC942}") = "1152_Review", "1152\1152.vcxproj", "{45C0C701-51F0-4188-928C-0923FDB37526}"
EndProject
Project("{8BC9CEB8-8B4A-11D0-8D11-00A0C91BC942}") = "2577", "2577\2577.vcxproj", "{A4DCF224-0D75-40FA-A8AF-83862F81146D}"
EndProject
Global
	GlobalSection(SolutionConfigurationPlatforms) = preSolution
		Debug|x64 = Debug|x64
		Debug|x86 = Debug|x86
		Release|x64 = Release|x64
		Release|x86 = Release|x86
	EndGlobalSection
	GlobalSection(ProjectConfigurationPlatforms) = postSolution
		{84DAF29A-F0CA-4CEA-9B79-38970782634A}.Debug|x64.ActiveCfg = Debug|x64
		{84DAF29A-F0CA-4CEA-9B79-38970782634A}.Debug|x64.Build.0 = Debug|x64
		{84DAF29A-F0CA-4CEA-9B79-38970782634A}.Debug|x86.ActiveCfg = Debug|Win32
		{84DAF29A-F0CA-4CEA-9B79-38970782634A}.Debug|x86.Build.0 = Debug|Win32
		{84DAF29A-F0CA-4CEA-9B79-38970782634A}.Release|x64.ActiveCfg = Release|x64
		{84DAF29A-F0CA-4CEA-9B79-38970782634A}.Release|x64.Build.0 = Release|x64
		{84DAF29A-F0CA-4CEA-9B79-38970782634A}.Release|x86.ActiveCfg = Release|Win32
		{84DAF29A-F0CA-4CEA-9B79-38970782634A}.Release|x86.Build.0 = Release|Win32
		{80337C33-A844-410C-A37C-80F50B3EF2EA}.Debug|x64.ActiveCfg = Debug|x64
		{80337C33-A844-410C-A37C-80F50B3EF2EA}.Debug|x64.Build.0 = Debug|x64
		{80337C33-A844-410C-A37C-80F50B3EF2EA}.Debug|x86.ActiveCfg = Debug|Win32
		{80337C33-A844-410C-A37C-80F50B3EF2EA}.Debug|x86.Build.0 = Debug|Win32
		{80337C33-A844-410C-A37C-80F50B3EF2EA}.Release|x64.ActiveCfg = Release|x64
		{80337C33-A844-410C-A37C-80F50B3EF2EA}.Release|x64.Build.0 = Release|x64
		{80337C33-A844-410C-A37C-80F50B3EF2EA}.Release|x86.ActiveCfg = Release|Win32
		{80337C33-A844-410C-A37C-80F50B3EF2EA}.Release|x86.Build.0 = Release|Win32
		{D5452BDA-963B-4CCF-91C4-1369DA0372A9}.Debug|x64.ActiveCfg = Debug|x64
		{D5452BDA-963B-4CCF-91C4-1369DA0372A9}.Debug|x64.Build.0 = Debug|x64
		{D5452BDA-963B-4CCF-91C4-1369DA0372A9}.Debug|x86.ActiveCfg = Debug|Win32
		{D5452BDA-963B-4CCF-91C4-1369DA0372A9}.Debug|x86.Build.0 = Debug|Win32
		{D5452BDA-963B-4CCF-91C4-1369DA0372A9}.Release|x64.ActiveCfg = Release|x64
		{D5452BDA-963B-4CCF-91C4-1369DA0372A9}.Release|x64.Build.0 = Release|x64
		{D5452BDA-963B-4CCF-91C4-1369DA0372A9}.Release|x86.ActiveCfg = Release|Win32
		{D5452BDA-963B-4CCF-91C4-1369DA0372A9}.Release|x86.Build.0 = Release|Win32
		{98962C70-C32C-45BD-BE39-A73847F0F130}.Debug|x64.ActiveCfg = Debug|x64
		{98962C70-C32C-45BD-BE39-A73847F0F130}.Debug|x64.Build.0 = Debug|x64
		{98962C70-C32C-45BD-BE39-A73847F0F130}.Debug|x86.ActiveCfg = Debug|Win32
		{98962C70-C32C-45BD-BE39-A73847F0F130}.Debug|x86.Build.0 = Debug|Win32
		{98962C70-C32C-45BD-BE39-A73847F0F130}.Release|x64.ActiveCfg = Release|x64
		{98962C70-C32C-45BD-BE39-A73847F0F130}.Release|x64.Build.0 = Release|x64
		{98962C70-C32C-45BD-BE39-A73847F0F130}.Release|x86.ActiveCfg = Release|Win32
		{98962C70-C32C-45BD-BE39-A73847F0F130}.Release|x86.Build.0 = Release|Win32
		{B93BD237-3B7A-40CB-8BE3-723A93BF9C0F}.Debug|x64.ActiveCfg = Debug|x64
		{B93BD237-3B7A-40CB-8BE3-723A93BF9C0F}.Debug|x64.Build.0 = Debug|x64
		{B93BD237-3B7A-40CB-8BE3-723A93BF9C0F}.Debug|x86.ActiveCfg = Debug|Win32
		{B93BD237-3B7A-40CB-8BE3-723A93BF9C0F}.Debug|x86.Build.0 = Debug|Win32
		{B93BD237-3B7A-40CB-8BE3-723A93BF9C0F}.Release|x64.ActiveCfg = Release|x64
		{B93BD237-3B7A-40CB-8BE3-723A93BF9C0F}.Release|x64.Build.0 = Release|x64
		{B93BD237-3B7A-40CB-8BE3-723A93BF9C0F}.Release|x86.ActiveCfg = Release|Win32
		{B93BD237-3B7A-40CB-8BE3-723A93BF9C0F}.Release|x86.Build.0 = Release|Win32
		{44FB7984-5FEF-4C6C-B788-F6130B97A150}.Debug|x64.ActiveCfg = Debug|x64
		{44FB7984-5FEF-4C6C-B788-F6130B97A150}.Debug|x64.Build.0 = Debug|x64
		{44FB7984-5FEF-4C6C-B788-F6130B97A150}.Debug|x86.ActiveCfg = Debug|Win32
		{44FB7984-5FEF-4C6C-B788-F6130B97A150}.Debug|x86.Build.0 = Debug|Win32
		{44FB7984-5FEF-4C6C-B788-F6130B97A150}.Release|x64.ActiveCfg = Release|x64
		{44FB7984-5FEF-4C6C-B788-F6130B97A150}.Release|x64.Build.0 = Release|x64
		{44FB7984-5FEF-4C6C-B788-F6130B97A150}.Release|x86.ActiveCfg = Release|Win32
		{44FB7984-5FEF-4C6C-B788-F6130B97A150}.Release|x86.Build.0 = Release|Win32
		{89D2E6C8-044F-41EA-AC99-88765F832EC4}.Debug|x64.ActiveCfg = Debug|x64
		{89D2E6C8-044F-41EA-AC99-88765F832EC4}.Debug|x64.Build.0 = Debug|x64
		{89D2E6C8-044F-41EA-AC99-88765F832EC4}.Debug|x86.ActiveCfg = Debug|Win32
		{89D2E6C8-044F-41EA-AC99-88765F832EC4}.Debug|x86.Build.0 = Debug|Win32
		{89D2E6C8-044F-41EA-AC99-88765F832EC4}.Release|x64.ActiveCfg = Release|x64
		{89D2E6C8-044F-41EA-AC99-88765F832EC4}.Release|x64.Build.0 = Release|x64
		{89D2E6C8-044F-41EA-AC99-88765F832EC4}.Release|x86.ActiveCfg = Release|Win32
		{89D2E6C8-044F-41EA-AC99-88765F832EC4}.Release|x86.Build.0 = Release|Win32
		{AD0C6CE7-E3B3-4420-80E0-6A6EA0888976}.Debug|x64.ActiveCfg = Debug|x64
		{AD0C6CE7-E3B3-4420-80E0-6A6EA0888976}.Debug|x64.Build.0 = Debug|x64
		{AD0C6CE7-E3B3-4420-80E0-6A6EA0888976}.Debug|x86.ActiveCfg = Debug|Win32
		{AD0C6CE7-E3B3-4420-80E0-6A6EA0888976}.Debug|x86.Build.0 = Debug|Win32
		{AD0C6CE7-E3B3-4420-80E0-6A6EA0888976}.Release|x64.ActiveCfg = Release|x64
		{AD0C6CE7-E3B3-4420-80E0-6A6EA0888976}.Release|x64.Build.0 = Release|x64
		{AD0C6CE7-E3B3-4420-80E0-6A6EA0888976}.Release|x86.ActiveCfg = Release|Win32
		{AD0C6CE7-E3B3-4420-80E0-6A6EA0888976}.Release|x86.Build.0 = Release|Win32
		{3EBE3E57-0698-42B5-AE0A-9755CB55557F}.Debug|x64.ActiveCfg = Debug|x64
		{3EBE3E57-0698-42B5-AE0A-9755CB55557F}.Debug|x64.Build.0 = Debug|x64
		{3EBE3E57-0698-42B5-AE0A-9755CB55557F}.Debug|x86.ActiveCfg = Debug|Win32
		{3EBE3E57-0698-42B5-AE0A-9755CB55557F}.Debug|x86.Build.0 = Debug|Win32
		{3EBE3E57-0698-42B5-AE0A-9755CB55557F}.Release|x64.ActiveCfg = Release|x64
		{3EBE3E57-0698-42B5-AE0A-9755CB55557F}.Release|x64.Build.0 = Release|x64
		{3EBE3E57-0698-42B5-AE0A-9755CB55557F}.Release|x86.ActiveCfg = Release|Win32
		{3EBE3E57-0698-42B5-AE0A-9755CB55557F}.Release|x86.Build.0 = Release|Win32
		{E01D93CA-B0F1-4048-B439-3539CF2E9975}.Debug|x64.ActiveCfg = Debug|x64
		{E01D93CA-B0F1-4048-B439-3539CF2E9975}.Debug|x64.Build.0 = Debug|x64
		{E01D93CA-B0F1-4048-B439-3539CF2E9975}.Debug|x86.ActiveCfg = Debug|Win32
		{E01D93CA-B0F1-4048-B439-3539CF2E9975}.Debug|x86.Build.0 = Debug|Win32
		{E01D93CA-B0F1-4048-B439-3539CF2E9975}.Release|x64.ActiveCfg = Release|x64
		{E01D93CA-B0F1-4048-B439-3539CF2E9975}.Release|x64.Build.0 = Release|x64
		{E01D93CA-B0F1-4048-B439-3539CF2E9975}.Release|x86.ActiveCfg = Release|Win32
		{E01D93CA-B0F1-4048-B439-3539CF2E9975}.Release|x86.Build.0 = Release|Win32
		{F4B582DC-5354-4BCC-BA5C-74C49CE184EF}.Debug|x64.ActiveCfg = Debug|x64
		{F4B582DC-5354-4BCC-BA5C-74C49CE184EF}.Debug|x64.Build.0 = Debug|x64
		{F4B582DC-5354-4BCC-BA5C-74C49CE184EF}.Debug|x86.ActiveCfg = Debug|Win32
		{F4B582DC-5354-4BCC-BA5C-74C49CE184EF}.Debug|x86.Build.0 = Debug|Win32
		{F4B582DC-5354-4BCC-BA5C-74C49CE184EF}.Release|x64.ActiveCfg = Release|x64
		{F4B582DC-5354-4BCC-BA5C-74C49CE184EF}.Release|x64.Build.0 = Release|x64
		{F4B582DC-5354-4BCC-BA5C-74C49CE184EF}.Release|x86.ActiveCfg = Release|Win32
		{F4B582DC-5354-4BCC-BA5C-74C49CE184EF}.Release|x86.Build.0 = Release|Win32
		{8F209022-CC59-41DC-9C80-41DDF6FE4D3E}.Debug|x64.ActiveCfg = Debug|x64
		{8F209022-CC59-41DC-9C80-41DDF6FE4D3E}.Debug|x64.Build.0 = Debug|x64
		{8F209022-CC59-41DC-9C80-41DDF6FE4D3E}.Debug|x86.ActiveCfg = Debug|Win32
		{8F209022-CC59-41DC-9C80-41DDF6FE4D3E}.Debug|x86.Build.0 = Debug|Win32
		{8F209022-CC59-41DC-9C80-41DDF6FE4D3E}.Release|x64.ActiveCfg = Release|x64
		{8F209022-CC59-41DC-9C80-41DDF6FE4D3E}.Release|x64.Build.0 = Release|x64
		{8F209022-CC59-41DC-9C80-41DDF6FE4D3E}.Release|x86.ActiveCfg = Release|Win32
		{8F209022-CC59-41DC-9C80-41DDF6FE4D3E}.Release|x86.Build.0 = Release|Win32
		{BE7933FB-2914-4A2A-9EBC-8D9EB93513EA}.Debug|x64.ActiveCfg = Debug|x64
		{BE7933FB-2914-4A2A-9EBC-8D9EB93513EA}.Debug|x64.Build.0 = Debug|x64
		{BE7933FB-2914-4A2A-9EBC-8D9EB93513EA}.Debug|x86.ActiveCfg = Debug|Win32
		{BE7933FB-2914-4A2A-9EBC-8D9EB93513EA}.Debug|x86.Build.0 = Debug|Win32
		{BE7933FB-2914-4A2A-9EBC-8D9EB93513EA}.Release|x64.ActiveCfg = Release|x64
		{BE7933FB-2914-4A2A-9EBC-8D9EB93513EA}.Release|x64.Build.0 = Release|x64
		{BE7933FB-2914-4A2A-9EBC-8D9EB93513EA}.Release|x86.ActiveCfg = Release|Win32
		{BE7933FB-2914-4A2A-9EBC-8D9EB93513EA}.Release|x86.Build.0 = Release|Win32
		{3D463F08-99E0-407B-9083-1A893C2E260F}.Debug|x64.ActiveCfg = Debug|x64
		{3D463F08-99E0-407B-9083-1A893C2E260F}.Debug|x64.Build.0 = Debug|x64
		{3D463F08-99E0-407B-9083-1A893C2E260F}.Debug|x86.ActiveCfg = Debug|Win32
		{3D463F08-99E0-407B-9083-1A893C2E260F}.Debug|x86.Build.0 = Debug|Win32
		{3D463F08-99E0-407B-9083-1A893C2E260F}.Release|x64.ActiveCfg = Release|x64
		{3D463F08-99E0-407B-9083-1A893C2E260F}.Release|x64.Build.0 = Release|x64
		{3D463F08-99E0-407B-9083-1A893C2E260F}.Release|x86.ActiveCfg = Release|Win32
		{3D463F08-99E0-407B-9083-1A893C2E260F}.Release|x86.Build.0 = Release|Win32
		{F2543B56-2178-4BB2-A024-01D7AF2D7B4F}.Debug|x64.ActiveCfg = Debug|x64
		{F2543B56-2178-4BB2-A024-01D7AF2D7B4F}.Debug|x64.Build.0 = Debug|x64
		{F2543B56-2178-4BB2-A024-01D7AF2D7B4F}.Debug|x86.ActiveCfg = Debug|Win32
		{F2543B56-2178-4BB2-A024-01D7AF2D7B4F}.Debug|x86.Build.0 = Debug|Win32
		{F2543B56-2178-4BB2-A024-01D7AF2D7B4F}.Release|x64.ActiveCfg = Release|x64
		{F2543B56-2178-4BB2-A024-01D7AF2D7B4F}.Release|x64.Build.0 = Release|x64
		{F2543B56-2178-4BB2-A024-01D7AF2D7B4F}.Release|x86.ActiveCfg = Release|Win32
		{F2543B56-2178-4BB2-A024-01D7AF2D7B4F}.Release|x86.Build.0 = Release|Win32
		{0D2A4373-16CC-4645-99AD-D8224A0A4C66}.Debug|x64.ActiveCfg = Debug|x64
		{0D2A4373-16CC-4645-99AD-D8224A0A4C66}.Debug|x64.Build.0 = Debug|x64
		{0D2A4373-16CC-4645-99AD-D8224A0A4C66}.Debug|x86.ActiveCfg = Debug|Win32
		{0D2A4373-16CC-4645-99AD-D8224A0A4C66}.Debug|x86.Build.0 = Debug|Win32
		{0D2A4373-16CC-4645-99AD-D8224A0A4C66}.Release|x64.ActiveCfg = Release|x64
		{0D2A4373-16CC-4645-99AD-D8224A0A4C66}.Release|x64.Build.0 = Release|x64
		{0D2A4373-16CC-4645-99AD-D8224A0A4C66}.Release|x86.ActiveCfg = Release|Win32
		{0D2A4373-16CC-4645-99AD-D8224A0A4C66}.Release|x86.Build.0 = Release|Win32
		{A2D16913-C0BC-426E-9FF5-D448B6B68EF9}.Debug|x64.ActiveCfg = Debug|x64
		{A2D16913-C0BC-426E-9FF5-D448B6B68EF9}.Debug|x64.Build.0 = Debug|x64
		{A2D16913-C0BC-426E-9FF5-D448B6B68EF9}.Debug|x86.ActiveCfg = Debug|Win32
		{A2D16913-C0BC-426E-9FF5-D448B6B68EF9}.Debug|x86.Build.0 = Debug|Win32
		{A2D16913-C0BC-426E-9FF5-D448B6B68EF9}.Release|x64.ActiveCfg = Release|x64
		{A2D16913-C0BC-426E-9FF5-D448B6B68EF9}.Release|x64.Build.0 = Release|x64
		{A2D16913-C0BC-426E-9FF5-D448B6B68EF9}.Release|x86.ActiveCfg = Release|Win32
		{A2D16913-C0BC-426E-9FF5-D448B6B68EF9}.Release|x86.Build.0 = Release|Win32
		{0EE5A12A-8FF6-47D1-A5D8-77D7DE9182B3}.Debug|x64.ActiveCfg = Debug|x64
		{0EE5A12A-8FF6-47D1-A5D8-77D7DE9182B3}.Debug|x64.Build.0 = Debug|x64
		{0EE5A12A-8FF6-47D1-A5D8-77D7DE9182B3}.Debug|x86.ActiveCfg = Debug|Win32
		{0EE5A12A-8FF6-47D1-A5D8-77D7DE9182B3}.Debug|x86.Build.0 = Debug|Win32
		{0EE5A12A-8FF6-47D1-A5D8-77D7DE9182B3}.Release|x64.ActiveCfg = Release|x64
		{0EE5A12A-8FF6-47D1-A5D8-77D7DE9182B3}.Release|x64.Build.0 = Release|x64
		{0EE5A12A-8FF6-47D1-A5D8-77D7DE9182B3}.Release|x86.ActiveCfg = Release|Win32
		{0EE5A12A-8FF6-47D1-A5D8-77D7DE9182B3}.Release|x86.Build.0 = Release|Win32
		{B190CF2A-7115-4018-8DDD-BC827B25E71E}.Debug|x64.ActiveCfg = Debug|x64
		{B190CF2A-7115-4018-8DDD-BC827B25E71E}.Debug|x64.Build.0 = Debug|x64
		{B190CF2A-7115-4018-8DDD-BC827B25E71E}.Debug|x86.ActiveCfg = Debug|Win32
		{B190CF2A-7115-4018-8DDD-BC827B25E71E}.Debug|x86.Build.0 = Debug|Win32
		{B190CF2A-7115-4018-8DDD-BC827B25E71E}.Release|x64.ActiveCfg = Release|x64
		{B190CF2A-7115-4018-8DDD-BC827B25E71E}.Release|x64.Build.0 = Release|x64
		{B190CF2A-7115-4018-8DDD-BC827B25E71E}.Release|x86.ActiveCfg = Release|Win32
		{B190CF2A-7115-4018-8DDD-BC827B25E71E}.Release|x86.Build.0 = Release|Win32
		{EC2F2E8D-96E1-4257-89AF-B5E4EC1D8EA9}.Debug|x64.ActiveCfg = Debug|x64
		{EC2F2E8D-96E1-4257-89AF-B5E4EC1D8EA9}.Debug|x64.Build.0 = Debug|x64
		{EC2F2E8D-96E1-4257-89AF-B5E4EC1D8EA9}.Debug|x86.ActiveCfg = Debug|Win32
		{EC2F2E8D-96E1-4257-89AF-B5E4EC1D8EA9}.Debug|x86.Build.0 = Debug|Win32
		{EC2F2E8D-96E1-4257-89AF-B5E4EC1D8EA9}.Release|x64.ActiveCfg = Release|x64
		{EC2F2E8D-96E1-4257-89AF-B5E4EC1D8EA9}.Release|x64.Build.0 = Release|x64
		{EC2F2E8D-96E1-4257-89AF-B5E4EC1D8EA9}.Release|x86.ActiveCfg = Release|Win32
		{EC2F2E8D-96E1-4257-89AF-B5E4EC1D8EA9}.Release|x86.Build.0 = Release|Win32
		{45C0C701-51F0-4188-928C-0923FDB37526}.Debug|x64.ActiveCfg = Debug|x64
		{45C0C701-51F0-4188-928C-0923FDB37526}.Debug|x64.Build.0 = Debug|x64
		{45C0C701-51F0-4188-928C-0923FDB37526}.Debug|x86.ActiveCfg = Debug|Win32
		{45C0C701-51F0-4188-928C-0923FDB37526}.Debug|x86.Build.0 = Debug|Win32
		{45C0C701-51F0-4188-928C-0923FDB37526}.Release|x64.ActiveCfg = Release|x64
		{45C0C701-51F0-4188-928C-0923FDB37526}.Release|x64.Build.0 = Release|x64
		{45C0C701-51F0-4188-928C-0923FDB37526}.Release|x86.ActiveCfg = Release|Win32
		{45C0C701-51F0-4188-928C-0923FDB37526}.Release|x86.Build.0 = Release|Win32
		{A4DCF224-0D75-40FA-A8AF-83862F81146D}.Debug|x64.ActiveCfg = Debug|x64
		{A4DCF224-0D75-40FA-A8AF-83862F81146D}.Debug|x64.Build.0 = Debug|x64
		{A4DCF224-0D75-40FA-A8AF-83862F81146D}.Debug|x86.ActiveCfg = Debug|Win32
		{A4DCF224-0D75-40FA-A8AF-83862F81146D}.Debug|x86.Build.0 = Debug|Win32
		{A4DCF224-0D75-40FA-A8AF-83862F81146D}.Release|x64.ActiveCfg = Release|x64
		{A4DCF224-0D75-40FA-A8AF-83862F81146D}.Release|x64.Build.0 = Release|x64
		{A4DCF224-0D75-40FA-A8AF-83862F81146D}.Release|x86.ActiveCfg = Release|Win32
		{A4DCF224-0D75-40FA-A8AF-83862F81146D}.Release|x86.Build.0 = Release|Win32
	EndGlobalSection
	GlobalSection(SolutionProperties) = preSolution
		HideSolutionNode = FALSE
	EndGlobalSection
	GlobalSection(NestedProjects) = preSolution
		{84DAF29A-F0CA-4CEA-9B79-38970782634A} = {02EA681E-C7D8-13C7-8484-4AC65E1B71E8}
		{80337C33-A844-410C-A37C-80F50B3EF2EA} = {02EA681E-C7D8-13C7-8484-4AC65E1B71E8}
		{D5452BDA-963B-4CCF-91C4-1369DA0372A9} = {02EA681E-C7D8-13C7-8484-4AC65E1B71E8}
		{98962C70-C32C-45BD-BE39-A73847F0F130} = {02EA681E-C7D8-13C7-8484-4AC65E1B71E8}
		{B93BD237-3B7A-40CB-8BE3-723A93BF9C0F} = {02EA681E-C7D8-13C7-8484-4AC65E1B71E8}
		{44FB7984-5FEF-4C6C-B788-F6130B97A150} = {02EA681E-C7D8-13C7-8484-4AC65E1B71E8}
		{89D2E6C8-044F-41EA-AC99-88765F832EC4} = {02EA681E-C7D8-13C7-8484-4AC65E1B71E8}
		{AD0C6CE7-E3B3-4420-80E0-6A6EA0888976} = {02EA681E-C7D8-13C7-8484-4AC65E1B71E8}
		{3EBE3E57-0698-42B5-AE0A-9755CB55557F} = {02EA681E-C7D8-13C7-8484-4AC65E1B71E8}
		{E01D93CA-B0F1-4048-B439-3539CF2E9975} = {02EA681E-C7D8-13C7-8484-4AC65E1B71E8}
		{F4B582DC-5354-4BCC-BA5C-74C49CE184EF} = {02EA681E-C7D8-13C7-8484-4AC65E1B71E8}
		{8F209022-CC59-41DC-9C80-41DDF6FE4D3E} = {02EA681E-C7D8-13C7-8484-4AC65E1B71E8}
		{BE7933FB-2914-4A2A-9EBC-8D9EB93513EA} = {02EA681E-C7D8-13C7-8484-4AC65E1B71E8}
		{3D463F08-99E0-407B-9083-1A893C2E260F} = {02EA681E-C7D8-13C7-8484-4AC65E1B71E8}
		{F2543B56-2178-4BB2-A024-01D7AF2D7B4F} = {02EA681E-C7D8-13C7-8484-4AC65E1B71E8}
		{0D2A4373-16CC-4645-99AD-D8224A0A4C66} = {02EA681E-C7D8-13C7-8484-4AC65E1B71E8}
		{A2D16913-C0BC-426E-9FF5-D448B6B68EF9} = {02EA681E-C7D8-13C7-8484-4AC65E1B71E8}
		{0EE5A12A-8FF6-47D1-A5D8-77D7DE9182B3} = {02EA681E-C7D8-13C7-8484-4AC65E1B71E8}
		{B190CF2A-7115-4018-8DDD-BC827B25E71E} = {02EA681E-C7D8-13C7-8484-4AC65E1B71E8}
		{EC2F2E8D-96E1-4257-89AF-B5E4EC1D8EA9} = {02EA681E-C7D8-13C7-8484-4AC65E1B71E8}
		{45C0C701-51F0-4188-928C-0923FDB37526} = {02EA681E-C7D8-13C7-8484-4AC65E1B71E8}
		{A4DCF224-0D75-40FA-A8AF-83862F81146D} = {02EA681E-C7D8-13C7-8484-4AC65E1B71E8}
	EndGlobalSection
	GlobalSection(ExtensibilityGlobals) = postSolution
		SolutionGuid = {CF141F07-B762-4466-94E9-C9ECB01FD33E}
	EndGlobalSection
EndGlobal
